
Microsoft Visual Studio Solution File, Format Version 12.00
# Visual Studio Version 16
VisualStudioVersion = 16.0.29609.76
MinimumVisualStudioVersion = 10.0.40219.1
Project("{FAE04EC0-301F-11D3-BF4B-00C04F79EFBC}") = "Palindrome", "Palindrome\Palindrome.csproj", "{1FEA490E-0A4E-4319-855A-FB7B5E89F25B}"
EndProject
Global
	GlobalSection(SolutionConfigurationPlatforms) = preSolution
		Debug|Any CPU = Debug|Any CPU
		Release|Any CPU = Release|Any CPU
	EndGlobalSection
	GlobalSection(ProjectConfigurationPlatforms) = postSolution
		{1FEA490E-0A4E-4319-855A-FB7B5E89F25B}.Debug|Any CPU.ActiveCfg = Debug|Any CPU
		{1FEA490E-0A4E-4319-855A-FB7B5E89F25B}.Debug|Any CPU.Build.0 = Debug|Any CPU
		{1FEA490E-0A4E-4319-855A-FB7B5E89F25B}.Release|Any CPU.ActiveCfg = Release|Any CPU
		{1FEA490E-0A4E-4319-855A-FB7B5E89F25B}.Release|Any CPU.Build.0 = Release|Any CPU
	EndGlobalSection
	GlobalSection(SolutionProperties) = preSolution
		HideSolutionNode = FALSE
	EndGlobalSection
	GlobalSection(ExtensibilityGlobals) = postSolution
		SolutionGuid = {C4BB1C7B-1B6F-4BAB-A5AD-343E58B7B65E}
	EndGlobalSection
EndGlobal
